github.com/go-chi/chi v4.1.0+incompatible h1:ETj3cggsVIY2Xao5ExCu6YhEh5MD6JTfcBzS37R260w=
github.com/go-chi/chi v4.1.0+incompatible/go.mod h1:eB3wogJHnLi3x/kFX2A+IbTBlXxmMeXJVKy9tTv1XzQ=
github.com/go-redis/redis v6.15.7+incompatible h1:3skhDh95XQMpnqeqNftPkQD9jL9e5e36z/1SUm6dy1U=
github.com/go-redis/redis v6.15.7+incompatible/go.mod h1:NAIEuMOZ/fxfXJIrKDQDz8wamY7mA7PouImQ2Jvg6kA=
github.com/newrelic/go-agent v3.4.0+incompatible h1:GhUhNLDdR3ETfUVJAN/czXlqRTcgbPs6U02jYhf15rg=
github.com/newrelic/go-agent v3.4.0+incompatible/go.mod h1:a8Fv1b/fYhFSReoTU6HDkTYIMZeSVNffmoS726Y0LzQ=
